// !$*UTF8*$!
{
	archiveVersion = 1;
	classes = {
	};
	objectVersion = 56;
	objects = {

/* Begin PBXBuildFile section */
		FE70A1B129AF65E800385E95 /* AppDelegate.swift in Sources */ = {isa = PBXBuildFile; fileRef = FE70A1B029AF65E800385E95 /* AppDelegate.swift */; };
		FE70A1B329AF65E800385E95 /* SceneDelegate.swift in Sources */ = {isa = PBXBuildFile; fileRef = FE70A1B229AF65E800385E95 /* SceneDelegate.swift */; };
		FE70A1B529AF65E800385E95 /* ViewController.swift in Sources */ = {isa = PBXBuildFile; fileRef = FE70A1B429AF65E800385E95 /* ViewController.swift */; };
		FE70A1B829AF65E800385E95 /* Main.storyboard in Resources */ = {isa = PBXBuildFile; fileRef = FE70A1B629AF65E800385E95 /* Main.storyboard */; };
		FE70A1BA29AF65E900385E95 /* Assets.xcassets in Resources */ = {isa = PBXBuildFile; fileRef = FE70A1B929AF65E900385E95 /* Assets.xcassets */; };
		FE70A1BD29AF65E900385E95 /* LaunchScreen.storyboard in Resources */ = {isa = PBXBuildFile; fileRef = FE70A1BB29AF65E900385E95 /* LaunchScreen.storyboard */; };
		FE70A1E329AF70E300385E95 /* TableViewCell.swift in Sources */ = {isa = PBXBuildFile; fileRef = FE70A1E229AF70E300385E95 /* TableViewCell.swift */; };
		FE70A1E829AF730200385E95 /* Image.swift in Sources */ = {isa = PBXBuildFile; fileRef = FE70A1E729AF730200385E95 /* Image.swift */; };
/* End PBXBuildFile section */

/* Begin PBXContainerItemProxy section */
		FE70A1C429AF65E900385E95 /* PBXContainerItemProxy */ = {
			isa = PBXContainerItemProxy;
			containerPortal = FE70A1A529AF65E800385E95 /* Project object */;
			proxyType = 1;
			remoteGlobalIDString = FE70A1AC29AF65E800385E95;
			remoteInfo = "[PreOnBoarding] assignment";
		};
		FE70A1CE29AF65E900385E95 /* PBXContainerItemProxy */ = {
			isa = PBXContainerItemProxy;
			containerPortal = FE70A1A529AF65E800385E95 /* Project object */;
			proxyType = 1;
			remoteGlobalIDString = FE70A1AC29AF65E800385E95;
			remoteInfo = "[PreOnBoarding] assignment";
		};
/* End PBXContainerItemProxy section */

/* Begin PBXFileReference section */
		FE70A1AD29AF65E800385E95 /* [PreOnBoarding] assignment.app */ = {isa = PBXFileReference; explicitFileType = wrapper.application; includeInIndex = 0; path = "[PreOnBoarding] assignment.app"; sourceTree = BUILT_PRODUCTS_DIR; };
		FE70A1B029AF65E800385E95 /* AppDelegate.swift */ = {isa = PBXFileReference; lastKnownFileType = sourcecode.swift; path = AppDelegate.swift; sourceTree = "<group>"; };
		FE70A1B229AF65E800385E95 /* SceneDelegate.swift */ = {isa = PBXFileReference; lastKnownFileType = sourcecode.swift; path = SceneDelegate.swift; sourceTree = "<group>"; };
		FE70A1B429AF65E800385E95 /* ViewController.swift */ = {isa = PBXFileReference; lastKnownFileType = sourcecode.swift; path = ViewController.swift; sourceTree = "<group>"; };
		FE70A1B729AF65E800385E95 /* Base */ = {isa = PBXFileReference; lastKnownFileType = file.storyboard; name = Base; path = Base.lproj/Main.storyboard; sourceTree = "<group>"; };
		FE70A1B929AF65E900385E95 /* Assets.xcassets */ = {isa = PBXFileReference; lastKnownFileType = folder.assetcatalog; path = Assets.xcassets; sourceTree = "<group>"; };
		FE70A1BC29AF65E900385E95 /* Base */ = {isa = PBXFileReference; lastKnownFileType = file.storyboard; name = Base; path = Base.lproj/LaunchScreen.storyboard; sourceTree = "<group>"; };
		FE70A1BE29AF65E900385E95 /* Info.plist */ = {isa = PBXFileReference; lastKnownFileType = text.plist.xml; path = Info.plist; sourceTree = "<group>"; };
		FE70A1C329AF65E900385E95 /* [PreOnBoarding] assignmentTests.xctest */ = {isa = PBXFileReference; explicitFileType = wrapper.cfbundle; includeInIndex = 0; path = "[PreOnBoarding] assignmentTests.xctest"; sourceTree = BUILT_PRODUCTS_DIR; };
		FE70A1CD29AF65E900385E95 /* [PreOnBoarding] assignmentUITests.xctest */ = {isa = PBXFileReference; explicitFileType = wrapper.cfbundle; includeInIndex = 0; path = "[PreOnBoarding] assignmentUITests.xctest"; sourceTree = BUILT_PRODUCTS_DIR; };
		FE70A1E229AF70E300385E95 /* TableViewCell.swift */ = {isa = PBXFileReference; lastKnownFileType = sourcecode.swift; path = TableViewCell.swift; sourceTree = "<group>"; };
		FE70A1E729AF730200385E95 /* Image.swift */ = {isa = PBXFileReference; lastKnownFileType = sourcecode.swift; path = Image.swift; sourceTree = "<group>"; };
/* End PBXFileReference section */

/* Begin PBXFrameworksBuildPhase section */
		FE70A1AA29AF65E800385E95 /* Frameworks */ = {
			isa = PBXFrameworksBuildPhase;
			buildActionMask = 2147483647;
			files = (
			);
			runOnlyForDeploymentPostprocessing = 0;
		};
		FE70A1C029AF65E900385E95 /* Frameworks */ = {
			isa = PBXFrameworksBuildPhase;
			buildActionMask = 2147483647;
			files = (
			);
			runOnlyForDeploymentPostprocessing = 0;
		};
		FE70A1CA29AF65E900385E95 /* Frameworks */ = {
			isa = PBXFrameworksBuildPhase;
			buildActionMask = 2147483647;
			files = (
			);
			runOnlyForDeploymentPostprocessing = 0;
		};
/* End PBXFrameworksBuildPhase section */

/* Begin PBXGroup section */
		FE70A1A429AF65E800385E95 = {
			isa = PBXGroup;
			children = (
				FE70A1AF29AF65E800385E95 /* [PreOnBoarding] assignment */,
				FE70A1AE29AF65E800385E95 /* Products */,
			);
			sourceTree = "<group>";
		};
		FE70A1AE29AF65E800385E95 /* Products */ = {
			isa = PBXGroup;
			children = (
				FE70A1AD29AF65E800385E95 /* [PreOnBoarding] assignment.app */,
				FE70A1C329AF65E900385E95 /* [PreOnBoarding] assignmentTests.xctest */,
				FE70A1CD29AF65E900385E95 /* [PreOnBoarding] assignmentUITests.xctest */,
			);
			name = Products;
			sourceTree = "<group>";
		};
		FE70A1AF29AF65E800385E95 /* [PreOnBoarding] assignment */ = {
			isa = PBXGroup;
			children = (
				FE70A1B029AF65E800385E95 /* AppDelegate.swift */,
				FE70A1B229AF65E800385E95 /* SceneDelegate.swift */,
				FE70A1E529AF72AA00385E95 /* Views */,
				FE70A1E429AF729B00385E95 /* Models */,
				FE70A1E629AF72BA00385E95 /* Controllers */,
				FE70A1B929AF65E900385E95 /* Assets.xcassets */,
				FE70A1BB29AF65E900385E95 /* LaunchScreen.storyboard */,
				FE70A1BE29AF65E900385E95 /* Info.plist */,
			);
			path = "[PreOnBoarding] assignment";
			sourceTree = "<group>";
		};
		FE70A1E429AF729B00385E95 /* Models */ = {
			isa = PBXGroup;
			children = (
				FE70A1E729AF730200385E95 /* Image.swift */,
			);
			path = Models;
			sourceTree = "<group>";
		};
		FE70A1E529AF72AA00385E95 /* Views */ = {
			isa = PBXGroup;
			children = (
				FE70A1B629AF65E800385E95 /* Main.storyboard */,
				FE70A1E229AF70E300385E95 /* TableViewCell.swift */,
			);
			path = Views;
			sourceTree = "<group>";
		};
		FE70A1E629AF72BA00385E95 /* Controllers */ = {
			isa = PBXGroup;
			children = (
				FE70A1B429AF65E800385E95 /* ViewController.swift */,
			);
			path = Controllers;
			sourceTree = "<group>";
		};
/* End PBXGroup section */

/* Begin PBXNativeTarget section */
		FE70A1AC29AF65E800385E95 /* [PreOnBoarding] assignment */ = {
			isa = PBXNativeTarget;
			buildConfigurationList = FE70A1D729AF65E900385E95 /* Build configuration list for PBXNativeTarget "[PreOnBoarding] assignment" */;
			buildPhases = (
				FE70A1A929AF65E800385E95 /* Sources */,
				FE70A1AA29AF65E800385E95 /* Frameworks */,
				FE70A1AB29AF65E800385E95 /* Resources */,
			);
			buildRules = (
			);
			dependencies = (
			);
			name = "[PreOnBoarding] assignment";
			productName = "[PreOnBoarding] assignment";
			productReference = FE70A1AD29AF65E800385E95 /* [PreOnBoarding] assignment.app */;
			productType = "com.apple.product-type.application";
		};
		FE70A1C229AF65E900385E95 /* [PreOnBoarding] assignmentTests */ = {
			isa = PBXNativeTarget;
			buildConfigurationList = FE70A1DA29AF65E900385E95 /* Build configuration list for PBXNativeTarget "[PreOnBoarding] assignmentTests" */;
			buildPhases = (
				FE70A1BF29AF65E900385E95 /* Sources */,
				FE70A1C029AF65E900385E95 /* Frameworks */,
				FE70A1C129AF65E900385E95 /* Resources */,
			);
			buildRules = (
			);
			dependencies = (
				FE70A1C529AF65E900385E95 /* PBXTargetDependency */,
			);
			name = "[PreOnBoarding] assignmentTests";
			productName = "[PreOnBoarding] assignmentTests";
			productReference = FE70A1C329AF65E900385E95 /* [PreOnBoarding] assignmentTests.xctest */;
			productType = "com.apple.product-type.bundle.unit-test";
		};
		FE70A1CC29AF65E900385E95 /* [PreOnBoarding] assignmentUITests */ = {
			isa = PBXNativeTarget;
			buildConfigurationList = FE70A1DD29AF65E900385E95 /* Build configuration list for PBXNativeTarget "[PreOnBoarding] assignmentUITests" */;
			buildPhases = (
				FE70A1C929AF65E900385E95 /* Sources */,
				FE70A1CA29AF65E900385E95 /* Frameworks */,
				FE70A1CB29AF65E900385E95 /* Resources */,
			);
			buildRules = (
			);
			dependencies = (
				FE70A1CF29AF65E900385E95 /* PBXTargetDependency */,
			);
			name = "[PreOnBoarding] assignmentUITests";
			productName = "[PreOnBoarding] assignmentUITests";
			productReference = FE70A1CD29AF65E900385E95 /* [PreOnBoarding] assignmentUITests.xctest */;
			productType = "com.apple.product-type.bundle.ui-testing";
		};
/* End PBXNativeTarget section */

/* Begin PBXProject section */
		FE70A1A529AF65E800385E95 /* Project object */ = {
			isa = PBXProject;
			attributes = {
				BuildIndependentTargetsInParallel = 1;
				LastSwiftUpdateCheck = 1420;
				LastUpgradeCheck = 1420;
				TargetAttributes = {
					FE70A1AC29AF65E800385E95 = {
						CreatedOnToolsVersion = 14.2;
					};
					FE70A1C229AF65E900385E95 = {
						CreatedOnToolsVersion = 14.2;
						TestTargetID = FE70A1AC29AF65E800385E95;
					};
					FE70A1CC29AF65E900385E95 = {
						CreatedOnToolsVersion = 14.2;
						TestTargetID = FE70A1AC29AF65E800385E95;
					};
				};
			};
			buildConfigurationList = FE70A1A829AF65E800385E95 /* Build configuration list for PBXProject "[PreOnBoarding] assignment" */;
			compatibilityVersion = "Xcode 14.0";
			developmentRegion = en;
			hasScannedForEncodings = 0;
			knownRegions = (
				en,
				Base,
			);
			mainGroup = FE70A1A429AF65E800385E95;
			productRefGroup = FE70A1AE29AF65E800385E95 /* Products */;
			projectDirPath = "";
			projectRoot = "";
			targets = (
				FE70A1AC29AF65E800385E95 /* [PreOnBoarding] assignment */,
				FE70A1C229AF65E900385E95 /* [PreOnBoarding] assignmentTests */,
				FE70A1CC29AF65E900385E95 /* [PreOnBoarding] assignmentUITests */,
			);
		};
/* End PBXProject section */

/* Begin PBXResourcesBuildPhase section */
		FE70A1AB29AF65E800385E95 /* Resources */ = {
			isa = PBXResourcesBuildPhase;
			buildActionMask = 2147483647;
			files = (
				FE70A1BD29AF65E900385E95 /* LaunchScreen.storyboard in Resources */,
				FE70A1BA29AF65E900385E95 /* Assets.xcassets in Resources */,
				FE70A1B829AF65E800385E95 /* Main.storyboard in Resources */,
			);
			runOnlyForDeploymentPostprocessing = 0;
		};
		FE70A1C129AF65E900385E95 /* Resources */ = {
			isa = PBXResourcesBuildPhase;
			buildActionMask = 2147483647;
			files = (
			);
			runOnlyForDeploymentPostprocessing = 0;
		};
		FE70A1CB29AF65E900385E95 /* Resources */ = {
			isa = PBXResourcesBuildPhase;
			buildActionMask = 2147483647;
			files = (
			);
			runOnlyForDeploymentPostprocessing = 0;
		};
/* End PBXResourcesBuildPhase section */

/* Begin PBXSourcesBuildPhase section */
		FE70A1A929AF65E800385E95 /* Sources */ = {
			isa = PBXSourcesBuildPhase;
			buildActionMask = 2147483647;
			files = (
				FE70A1B529AF65E800385E95 /* ViewController.swift in Sources */,
				FE70A1E329AF70E300385E95 /* TableViewCell.swift in Sources */,
				FE70A1B129AF65E800385E95 /* AppDelegate.swift in Sources */,
				FE70A1B329AF65E800385E95 /* SceneDelegate.swift in Sources */,
				FE70A1E829AF730200385E95 /* Image.swift in Sources */,
			);
			runOnlyForDeploymentPostprocessing = 0;
		};
		FE70A1BF29AF65E900385E95 /* Sources */ = {
			isa = PBXSourcesBuildPhase;
			buildActionMask = 2147483647;
			files = (
			);
			runOnlyForDeploymentPostprocessing = 0;
		};
		FE70A1C929AF65E900385E95 /* Sources */ = {
			isa = PBXSourcesBuildPhase;
			buildActionMask = 2147483647;
			files = (
			);
			runOnlyForDeploymentPostprocessing = 0;
		};
/* End PBXSourcesBuildPhase section */

/* Begin PBXTargetDependency section */
		FE70A1C529AF65E900385E95 /* PBXTargetDependency */ = {
			isa = PBXTargetDependency;
			target = FE70A1AC29AF65E800385E95 /* [PreOnBoarding] assignment */;
			targetProxy = FE70A1C429AF65E900385E95 /* PBXContainerItemProxy */;
		};
		FE70A1CF29AF65E900385E95 /* PBXTargetDependency */ = {
			isa = PBXTargetDependency;
			target = FE70A1AC29AF65E800385E95 /* [PreOnBoarding] assignment */;
			targetProxy = FE70A1CE29AF65E900385E95 /* PBXContainerItemProxy */;
		};
/* End PBXTargetDependency section */

/* Begin PBXVariantGroup section */
		FE70A1B629AF65E800385E95 /* Main.storyboard */ = {
			isa = PBXVariantGroup;
			children = (
				FE70A1B729AF65E800385E95 /* Base */,
			);
			name = Main.storyboard;
			sourceTree = "<group>";
		};
		FE70A1BB29AF65E900385E95 /* LaunchScreen.storyboard */ = {
			isa = PBXVariantGroup;
			children = (
				FE70A1BC29AF65E900385E95 /* Base */,
			);
			name = LaunchScreen.storyboard;
			sourceTree = "<group>";
		};
/* End PBXVariantGroup section */

/* Begin XCBuildConfiguration section */
		FE70A1D529AF65E900385E95 /* Debug */ = {
			isa = XCBuildConfiguration;
			buildSettings = {
				ALWAYS_SEARCH_USER_PATHS = NO;
				CLANG_ANALYZER_NONNULL = YES;
				CLANG_ANALYZER_NUMBER_OBJECT_CONVERSION = YES_AGGRESSIVE;
				CLANG_CXX_LANGUAGE_STANDARD = "gnu++20";
				CLANG_ENABLE_MODULES = YES;
				CLANG_ENABLE_OBJC_ARC = YES;
				CLANG_ENABLE_OBJC_WEAK = YES;
				CLANG_WARN_BLOCK_CAPTURE_AUTORELEASING = YES;
				CLANG_WARN_BOOL_CONVERSION = YES;
				CLANG_WARN_COMMA = YES;
				CLANG_WARN_CONSTANT_CONVERSION = YES;
				CLANG_WARN_DEPRECATED_OBJC_IMPLEMENTATIONS = YES;
				CLANG_WARN_DIRECT_OBJC_ISA_USAGE = YES_ERROR;
				CLANG_WARN_DOCUMENTATION_COMMENTS = YES;
				CLANG_WARN_EMPTY_BODY = YES;
				CLANG_WARN_ENUM_CONVERSION = YES;
				CLANG_WARN_INFINITE_RECURSION = YES;
				CLANG_WARN_INT_CONVERSION = YES;
				CLANG_WARN_NON_LITERAL_NULL_CONVERSION = YES;
				CLANG_WARN_OBJC_IMPLICIT_RETAIN_SELF = YES;
				CLANG_WARN_OBJC_LITERAL_CONVERSION = YES;
				CLANG_WARN_OBJC_ROOT_CLASS = YES_ERROR;
				CLANG_WARN_QUOTED_INCLUDE_IN_FRAMEWORK_HEADER = YES;
				CLANG_WARN_RANGE_LOOP_ANALYSIS = YES;
				CLANG_WARN_STRICT_PROTOTYPES = YES;
				CLANG_WARN_SUSPICIOUS_MOVE = YES;
				CLANG_WARN_UNGUARDED_AVAILABILITY = YES_AGGRESSIVE;
				CLANG_WARN_UNREACHABLE_CODE = YES;
				CLANG_WARN__DUPLICATE_METHOD_MATCH = YES;
				COPY_PHASE_STRIP = NO;
				DEBUG_INFORMATION_FORMAT = dwarf;
				ENABLE_STRICT_OBJC_MSGSEND = YES;
				ENABLE_TESTABILITY = YES;
				GCC_C_LANGUAGE_STANDARD = gnu11;
				GCC_DYNAMIC_NO_PIC = NO;
				GCC_NO_COMMON_BLOCKS = YES;
				GCC_OPTIMIZATION_LEVEL = 0;
				GCC_PREPROCESSOR_DEFINITIONS = (
					"DEBUG=1",
					"$(inherited)",
				);
				GCC_WARN_64_TO_32_BIT_CONVERSION = YES;
				GCC_WARN_ABOUT_RETURN_TYPE = YES_ERROR;
				GCC_WARN_UNDECLARED_SELECTOR = YES;
				GCC_WARN_UNINITIALIZED_AUTOS = YES_AGGRESSIVE;
				GCC_WARN_UNUSED_FUNCTION = YES;
				GCC_WARN_UNUSED_VARIABLE = YES;
				IPHONEOS_DEPLOYMENT_TARGET = 16.2;
				MTL_ENABLE_DEBUG_INFO = INCLUDE_SOURCE;
				MTL_FAST_MATH = YES;
				ONLY_ACTIVE_ARCH = YES;
				SDKROOT = iphoneos;
				SWIFT_ACTIVE_COMPILATION_CONDITIONS = DEBUG;
				SWIFT_OPTIMIZATION_LEVEL = "-Onone";
			};
			name = Debug;
		};
		FE70A1D629AF65E900385E95 /* Release */ = {
			isa = XCBuildConfiguration;
			buildSettings = {
				ALWAYS_SEARCH_USER_PATHS = NO;
				CLANG_ANALYZER_NONNULL = YES;
				CLANG_ANALYZER_NUMBER_OBJECT_CONVERSION = YES_AGGRESSIVE;
				CLANG_CXX_LANGUAGE_STANDARD = "gnu++20";
				CLANG_ENABLE_MODULES = YES;
				CLANG_ENABLE_OBJC_ARC = YES;
				CLANG_ENABLE_OBJC_WEAK = YES;
				CLANG_WARN_BLOCK_CAPTURE_AUTORELEASING = YES;
				CLANG_WARN_BOOL_CONVERSION = YES;
				CLANG_WARN_COMMA = YES;
				CLANG_WARN_CONSTANT_CONVERSION = YES;
				CLANG_WARN_DEPRECATED_OBJC_IMPLEMENTATIONS = YES;
				CLANG_WARN_DIRECT_OBJC_ISA_USAGE = YES_ERROR;
				CLANG_WARN_DOCUMENTATION_COMMENTS = YES;
				CLANG_WARN_EMPTY_BODY = YES;
				CLANG_WARN_ENUM_CONVERSION = YES;
				CLANG_WARN_INFINITE_RECURSION = YES;
				CLANG_WARN_INT_CONVERSION = YES;
				CLANG_WARN_NON_LITERAL_NULL_CONVERSION = YES;
				CLANG_WARN_OBJC_IMPLICIT_RETAIN_SELF = YES;
				CLANG_WARN_OBJC_LITERAL_CONVERSION = YES;
				CLANG_WARN_OBJC_ROOT_CLASS = YES_ERROR;
				CLANG_WARN_QUOTED_INCLUDE_IN_FRAMEWORK_HEADER = YES;
				CLANG_WARN_RANGE_LOOP_ANALYSIS = YES;
				CLANG_WARN_STRICT_PROTOTYPES = YES;
				CLANG_WARN_SUSPICIOUS_MOVE = YES;
				CLANG_WARN_UNGUARDED_AVAILABILITY = YES_AGGRESSIVE;
				CLANG_WARN_UNREACHABLE_CODE = YES;
				CLANG_WARN__DUPLICATE_METHOD_MATCH = YES;
				COPY_PHASE_STRIP = NO;
				DEBUG_INFORMATION_FORMAT = "dwarf-with-dsym";
				ENABLE_NS_ASSERTIONS = NO;
				ENABLE_STRICT_OBJC_MSGSEND = YES;
				GCC_C_LANGUAGE_STANDARD = gnu11;
				GCC_NO_COMMON_BLOCKS = YES;
				GCC_WARN_64_TO_32_BIT_CONVERSION = YES;
				GCC_WARN_ABOUT_RETURN_TYPE = YES_ERROR;
				GCC_WARN_UNDECLARED_SELECTOR = YES;
				GCC_WARN_UNINITIALIZED_AUTOS = YES_AGGRESSIVE;
				GCC_WARN_UNUSED_FUNCTION = YES;
				GCC_WARN_UNUSED_VARIABLE = YES;
				IPHONEOS_DEPLOYMENT_TARGET = 16.2;
				MTL_ENABLE_DEBUG_INFO = NO;
				MTL_FAST_MATH = YES;
				SDKROOT = iphoneos;
				SWIFT_COMPILATION_MODE = wholemodule;
				SWIFT_OPTIMIZATION_LEVEL = "-O";
				VALIDATE_PRODUCT = YES;
			};
			name = Release;
		};
		FE70A1D829AF65E900385E95 /* Debug */ = {
			isa = XCBuildConfiguration;
			buildSettings = {
				ASSETCATALOG_COMPILER_APPICON_NAME = AppIcon;
				ASSETCATALOG_COMPILER_GLOBAL_ACCENT_COLOR_NAME = AccentColor;
				CODE_SIGN_STYLE = Automatic;
				CURRENT_PROJECT_VERSION = 1;
				DEVELOPMENT_TEAM = 2F862T5BQ6;
				GENERATE_INFOPLIST_FILE = YES;
				INFOPLIST_FILE = "[PreOnBoarding] assignment/Info.plist";
				INFOPLIST_KEY_UIApplicationSupportsIndirectInputEvents = YES;
				INFOPLIST_KEY_UILaunchStoryboardName = LaunchScreen;
				INFOPLIST_KEY_UIMainStoryboardFile = Main;
				INFOPLIST_KEY_UISupportedInterfaceOrientations_iPad = "UIInterfaceOrientationPortrait UIInterfaceOrientationPortraitUpsideDown UIInterfaceOrientationLandscapeLeft UIInterfaceOrientationLandscapeRight";
				INFOPLIST_KEY_UISupportedInterfaceOrientations_iPhone = "UIInterfaceOrientationPortrait UIInterfaceOrientationLandscapeLeft UIInterfaceOrientationLandscapeRight";
				LD_RUNPATH_SEARCH_PATHS = (
					"$(inherited)",
					"@executable_path/Frameworks",
				);
				MARKETING_VERSION = 1.0;
				PRODUCT_BUNDLE_IDENTIFIER = "com.minckan.-PreOnBoarding--assignment";
				PRODUCT_NAME = "$(TARGET_NAME)";
				SWIFT_EMIT_LOC_STRINGS = YES;
				SWIFT_VERSION = 5.0;
				TARGETED_DEVICE_FAMILY = "1,2";
			};
			name = Debug;
		};
		FE70A1D929AF65E900385E95 /* Release */ = {
			isa = XCBuildConfiguration;
			buildSettings = {
				ASSETCATALOG_COMPILER_APPICON_NAME = AppIcon;
				ASSETCATALOG_COMPILER_GLOBAL_ACCENT_COLOR_NAME = AccentColor;
				CODE_SIGN_STYLE = Automatic;
				CURRENT_PROJECT_VERSION = 1;
				DEVELOPMENT_TEAM = 2F862T5BQ6;
				GENERATE_INFOPLIST_FILE = YES;
				INFOPLIST_FILE = "[PreOnBoarding] assignment/Info.plist";
				INFOPLIST_KEY_UIApplicationSupportsIndirectInputEvents = YES;
				INFOPLIST_KEY_UILaunchStoryboardName = LaunchScreen;
				INFOPLIST_KEY_UIMainStoryboardFile = Main;
				INFOPLIST_KEY_UISupportedInterfaceOrientations_iPad = "UIInterfaceOrientationPortrait UIInterfaceOrientationPortraitUpsideDown UIInterfaceOrientationLandscapeLeft UIInterfaceOrientationLandscapeRight";
				INFOPLIST_KEY_UISupportedInterfaceOrientations_iPhone = "UIInterfaceOrientationPortrait UIInterfaceOrientationLandscapeLeft UIInterfaceOrientationLandscapeRight";
				LD_RUNPATH_SEARCH_PATHS = (
					"$(inherited)",
					"@executable_path/Frameworks",
				);
				MARKETING_VERSION = 1.0;
				PRODUCT_BUNDLE_IDENTIFIER = "com.minckan.-PreOnBoarding--assignment";
				PRODUCT_NAME = "$(TARGET_NAME)";
				SWIFT_EMIT_LOC_STRINGS = YES;
				SWIFT_VERSION = 5.0;
				TARGETED_DEVICE_FAMILY = "1,2";
			};
			name = Release;
		};
		FE70A1DB29AF65E900385E95 /* Debug */ = {
			isa = XCBuildConfiguration;
			buildSettings = {
				ALWAYS_EMBED_SWIFT_STANDARD_LIBRARIES = YES;
				BUNDLE_LOADER = "$(TEST_HOST)";
				CODE_SIGN_STYLE = Automatic;
				CURRENT_PROJECT_VERSION = 1;
				DEVELOPMENT_TEAM = 2F862T5BQ6;
				GENERATE_INFOPLIST_FILE = YES;
				IPHONEOS_DEPLOYMENT_TARGET = 16.2;
				MARKETING_VERSION = 1.0;
				PRODUCT_BUNDLE_IDENTIFIER = "com.minckan.-PreOnBoarding--assignmentTests";
				PRODUCT_NAME = "$(TARGET_NAME)";
				SWIFT_EMIT_LOC_STRINGS = NO;
				SWIFT_VERSION = 5.0;
				TARGETED_DEVICE_FAMILY = "1,2";
				TEST_HOST = "$(BUILT_PRODUCTS_DIR)/[PreOnBoarding] assignment.app/$(BUNDLE_EXECUTABLE_FOLDER_PATH)/[PreOnBoarding] assignment";
			};
			name = Debug;
		};
		FE70A1DC29AF65E900385E95 /* Release */ = {
			isa = XCBuildConfiguration;
			buildSettings = {
				ALWAYS_EMBED_SWIFT_STANDARD_LIBRARIES = YES;
				BUNDLE_LOADER = "$(TEST_HOST)";
				CODE_SIGN_STYLE = Automatic;
				CURRENT_PROJECT_VERSION = 1;
				DEVELOPMENT_TEAM = 2F862T5BQ6;
				GENERATE_INFOPLIST_FILE = YES;
				IPHONEOS_DEPLOYMENT_TARGET = 16.2;
				MARKETING_VERSION = 1.0;
				PRODUCT_BUNDLE_IDENTIFIER = "com.minckan.-PreOnBoarding--assignmentTests";
				PRODUCT_NAME = "$(TARGET_NAME)";
				SWIFT_EMIT_LOC_STRINGS = NO;
				SWIFT_VERSION = 5.0;
				TARGETED_DEVICE_FAMILY = "1,2";
				TEST_HOST = "$(BUILT_PRODUCTS_DIR)/[PreOnBoarding] assignment.app/$(BUNDLE_EXECUTABLE_FOLDER_PATH)/[PreOnBoarding] assignment";
			};
			name = Release;
		};
		FE70A1DE29AF65E900385E95 /* Debug */ = {
			isa = XCBuildConfiguration;
			buildSettings = {
				ALWAYS_EMBED_SWIFT_STANDARD_LIBRARIES = YES;
				CODE_SIGN_STYLE = Automatic;
				CURRENT_PROJECT_VERSION = 1;
				DEVELOPMENT_TEAM = 2F862T5BQ6;
				GENERATE_INFOPLIST_FILE = YES;
				MARKETING_VERSION = 1.0;
				PRODUCT_BUNDLE_IDENTIFIER = "com.minckan.-PreOnBoarding--assignmentUITests";
				PRODUCT_NAME = "$(TARGET_NAME)";
				SWIFT_EMIT_LOC_STRINGS = NO;
				SWIFT_VERSION = 5.0;
				TARGETED_DEVICE_FAMILY = "1,2";
				TEST_TARGET_NAME = "[PreOnBoarding] assignment";
			};
			name = Debug;
		};
		FE70A1DF29AF65E900385E95 /* Release */ = {
			isa = XCBuildConfiguration;
			buildSettings = {
				ALWAYS_EMBED_SWIFT_STANDARD_LIBRARIES = YES;
				CODE_SIGN_STYLE = Automatic;
				CURRENT_PROJECT_VERSION = 1;
				DEVELOPMENT_TEAM = 2F862T5BQ6;
				GENERATE_INFOPLIST_FILE = YES;
				MARKETING_VERSION = 1.0;
				PRODUCT_BUNDLE_IDENTIFIER = "com.minckan.-PreOnBoarding--assignmentUITests";
				PRODUCT_NAME = "$(TARGET_NAME)";
				SWIFT_EMIT_LOC_STRINGS = NO;
				SWIFT_VERSION = 5.0;
				TARGETED_DEVICE_FAMILY = "1,2";
				TEST_TARGET_NAME = "[PreOnBoarding] assignment";
			};
			name = Release;
		};
/* End XCBuildConfiguration section */

/* Begin XCConfigurationList section */
		FE70A1A829AF65E800385E95 /* Build configuration list for PBXProject "[PreOnBoarding] assignment" */ = {
			isa = XCConfigurationList;
			buildConfigurations = (
				FE70A1D529AF65E900385E95 /* Debug */,
				FE70A1D629AF65E900385E95 /* Release */,
			);
			defaultConfigurationIsVisible = 0;
			defaultConfigurationName = Release;
		};
		FE70A1D729AF65E900385E95 /* Build configuration list for PBXNativeTarget "[PreOnBoarding] assignment" */ = {
			isa = XCConfigurationList;
			buildConfigurations = (
				FE70A1D829AF65E900385E95 /* Debug */,
				FE70A1D929AF65E900385E95 /* Release */,
			);
			defaultConfigurationIsVisible = 0;
			defaultConfigurationName = Release;
		};
		FE70A1DA29AF65E900385E95 /* Build configuration list for PBXNativeTarget "[PreOnBoarding] assignmentTests" */ = {
			isa = XCConfigurationList;
			buildConfigurations = (
				FE70A1DB29AF65E900385E95 /* Debug */,
				FE70A1DC29AF65E900385E95 /* Release */,
			);
			defaultConfigurationIsVisible = 0;
			defaultConfigurationName = Release;
		};
		FE70A1DD29AF65E900385E95 /* Build configuration list for PBXNativeTarget "[PreOnBoarding] assignmentUITests" */ = {
			isa = XCConfigurationList;
			buildConfigurations = (
				FE70A1DE29AF65E900385E95 /* Debug */,
				FE70A1DF29AF65E900385E95 /* Release */,
			);
			defaultConfigurationIsVisible = 0;
			defaultConfigurationName = Release;
		};
/* End XCConfigurationList section */
	};
	rootObject = FE70A1A529AF65E800385E95 /* Project object */;
}
